// !$*UTF8*$!
{
	archiveVersion = 1;
	classes = {
	};
	objectVersion = 77;
	objects = {

/* Begin PBXBuildFile section */
		123678D5F70E0D802716BECB /* PayoffSimulator.swift in Sources */ = {isa = PBXBuildFile; fileRef = 9AC475019653E113F4E4965E /* PayoffSimulator.swift */; };
		1FF12520EED50C5325B31629 /* PurchaseSimulator.swift in Sources */ = {isa = PBXBuildFile; fileRef = 8D8F75A64F95256DFB77D6DF /* PurchaseSimulator.swift */; };
		21D89398904C25AA4FEDDB37 /* DashboardViews.swift in Sources */ = {isa = PBXBuildFile; fileRef = BEF52D8FE927817A9988A134 /* DashboardViews.swift */; };
		2A3759B253203DDCC3782D56 /* NoVerdinhoApp.swift in Sources */ = {isa = PBXBuildFile; fileRef = FCD51AF2E5C7DBE1BD164C6B /* NoVerdinhoApp.swift */; };
		42A72180F3065F9F2F7B3460 /* StatementParserTests.swift in Sources */ = {isa = PBXBuildFile; fileRef = 848F62759F592B9BB2E4CE76 /* StatementParserTests.swift */; };
		4927314DD5AD73E2A1DFF627 /* PlanningViews.swift in Sources */ = {isa = PBXBuildFile; fileRef = 32D72194984DDE87946B1840 /* PlanningViews.swift */; };
		49A7020F4B9970E134C95899 /* PayoffPlanView.swift in Sources */ = {isa = PBXBuildFile; fileRef = 706D636C5CE21DE212669143 /* PayoffPlanView.swift */; };
		4BD921761020CC8668F68587 /* Theme.swift in Sources */ = {isa = PBXBuildFile; fileRef = DB060C30E76087677A4F6523 /* Theme.swift */; };
		51EAA424E6144FCB522E87C4 /* RegisterView.swift in Sources */ = {isa = PBXBuildFile; fileRef = 2F8D8594E3000C2F0048B367 /* RegisterView.swift */; };
		53513FC6B8DB5C1889B9E3F5 /* DebtDetailView.swift in Sources */ = {isa = PBXBuildFile; fileRef = 15AF6F5A287BB8469F7D96CA /* DebtDetailView.swift */; };
		5892EBB27E6D17BCCD27064A /* StatementImportView.swift in Sources */ = {isa = PBXBuildFile; fileRef = AA068E5AE465CBD2E0B0C3A5 /* StatementImportView.swift */; };
		5B70E9C15F6ED839DEF48304 /* OnboardingViews.swift in Sources */ = {isa = PBXBuildFile; fileRef = E9E238D06377AA652FAAD66C /* OnboardingViews.swift */; };
		6090813F0B8E42DD12CE0290 /* Models.swift in Sources */ = {isa = PBXBuildFile; fileRef = D650514DD2EEAF6B09D6EC43 /* Models.swift */; };
		6ED67FF26B5F91924EDB67D5 /* ProfileViews.swift in Sources */ = {isa = PBXBuildFile; fileRef = 119896BE080BF7614B52C10C /* ProfileViews.swift */; };
		8A0F5E9533D0CB739145DFA0 /* LockView.swift in Sources */ = {isa = PBXBuildFile; fileRef = E41D2E385A26AFFB5ADCC05A /* LockView.swift */; };
		92599ED96AAF49F676D756FC /* PurchaseSimulatorView.swift in Sources */ = {isa = PBXBuildFile; fileRef = 30DA9AE7EB564C8EDB6FCE7F /* PurchaseSimulatorView.swift */; };
		97F76820848918D14ECC3F2D /* Assets.xcassets in Resources */ = {isa = PBXBuildFile; fileRef = F2B100F2E9EE3842967296F0 /* Assets.xcassets */; };
		A7D68B637041FBBE2E746D05 /* CardViews.swift in Sources */ = {isa = PBXBuildFile; fileRef = 34E329AF5472026EA1740AFF /* CardViews.swift */; };
		AAA9B14008B22D9614CAB493 /* VerdinhoDetailView.swift in Sources */ = {isa = PBXBuildFile; fileRef = DC19ECDAD395F6710401A177 /* VerdinhoDetailView.swift */; };
		B11921CE5EDB4F96DF18A540 /* Components.swift in Sources */ = {isa = PBXBuildFile; fileRef = E906C55DC4D942AAC38F1F1F /* Components.swift */; };
		C3DCF1AC556EA6D405EB3055 /* CloudSync.swift in Sources */ = {isa = PBXBuildFile; fileRef = 7C29419EFA118AF5B1F0484C /* CloudSync.swift */; };
		D603E77AE56DA1B49EC750EF /* PurchaseSimulatorTests.swift in Sources */ = {isa = PBXBuildFile; fileRef = 3EAA8FCD5EEB292F1A3735B6 /* PurchaseSimulatorTests.swift */; };
		DBB894396FFE5302836248D2 /* PayoffSimulatorTests.swift in Sources */ = {isa = PBXBuildFile; fileRef = 24F38894CFAE5BFB0F7D05DF /* PayoffSimulatorTests.swift */; };
		E7C27A964F32C592E039809C /* InsightViews.swift in Sources */ = {isa = PBXBuildFile; fileRef = 4BD421CD56CFDBE13A64FC3C /* InsightViews.swift */; };
		EB3490BD89930DD0496D43B5 /* PrivacyInfo.xcprivacy in Resources */ = {isa = PBXBuildFile; fileRef = 7CA7F345D48546C2B4F0A78B /* PrivacyInfo.xcprivacy */; };
		FDABC22EB9A88418877AD021 /* StatementParser.swift in Sources */ = {isa = PBXBuildFile; fileRef = 76F1F29871D36FCF0BE3AD45 /* StatementParser.swift */; };
		FF95506F3D7B67E600D0464D /* CloudSyncTests.swift in Sources */ = {isa = PBXBuildFile; fileRef = 2B4B5EB5FD0FABB32C98D578 /* CloudSyncTests.swift */; };
/* End PBXBuildFile section */

/* Begin PBXContainerItemProxy section */
		E79CD08C3CA13C989F3485D0 /* PBXContainerItemProxy */ = {
			isa = PBXContainerItemProxy;
			containerPortal = 59BD6391A02B9605A22D4E00 /* Project object */;
			proxyType = 1;
			remoteGlobalIDString = 8460C0AC98ED751140C71F67;
			remoteInfo = NoVerdinho;
		};
/* End PBXContainerItemProxy section */

/* Begin PBXFileReference section */
		119896BE080BF7614B52C10C /* ProfileViews.swift */ = {isa = PBXFileReference; lastKnownFileType = sourcecode.swift; path = ProfileViews.swift; sourceTree = "<group>"; };
		15AF6F5A287BB8469F7D96CA /* DebtDetailView.swift */ = {isa = PBXFileReference; lastKnownFileType = sourcecode.swift; path = DebtDetailView.swift; sourceTree = "<group>"; };
		1C7F2B5FC7D30924D99EB4FA /* NoVerdinho.app */ = {isa = PBXFileReference; includeInIndex = 0; lastKnownFileType = wrapper.application; path = NoVerdinho.app; sourceTree = BUILT_PRODUCTS_DIR; };
		24F38894CFAE5BFB0F7D05DF /* PayoffSimulatorTests.swift */ = {isa = PBXFileReference; lastKnownFileType = sourcecode.swift; path = PayoffSimulatorTests.swift; sourceTree = "<group>"; };
		2B4B5EB5FD0FABB32C98D578 /* CloudSyncTests.swift */ = {isa = PBXFileReference; lastKnownFileType = sourcecode.swift; path = CloudSyncTests.swift; sourceTree = "<group>"; };
		2F8D8594E3000C2F0048B367 /* RegisterView.swift */ = {isa = PBXFileReference; lastKnownFileType = sourcecode.swift; path = RegisterView.swift; sourceTree = "<group>"; };
		30DA9AE7EB564C8EDB6FCE7F /* PurchaseSimulatorView.swift */ = {isa = PBXFileReference; lastKnownFileType = sourcecode.swift; path = PurchaseSimulatorView.swift; sourceTree = "<group>"; };
		32D72194984DDE87946B1840 /* PlanningViews.swift */ = {isa = PBXFileReference; lastKnownFileType = sourcecode.swift; path = PlanningViews.swift; sourceTree = "<group>"; };
		34E329AF5472026EA1740AFF /* CardViews.swift */ = {isa = PBXFileReference; lastKnownFileType = sourcecode.swift; path = CardViews.swift; sourceTree = "<group>"; };
		3DFE132C14B186E2F18E1B9F /* NoVerdinhoTests.xctest */ = {isa = PBXFileReference; includeInIndex = 0; lastKnownFileType = wrapper.cfbundle; path = NoVerdinhoTests.xctest; sourceTree = BUILT_PRODUCTS_DIR; };
		3EAA8FCD5EEB292F1A3735B6 /* PurchaseSimulatorTests.swift */ = {isa = PBXFileReference; lastKnownFileType = sourcecode.swift; path = PurchaseSimulatorTests.swift; sourceTree = "<group>"; };
		4BD421CD56CFDBE13A64FC3C /* InsightViews.swift */ = {isa = PBXFileReference; lastKnownFileType = sourcecode.swift; path = InsightViews.swift; sourceTree = "<group>"; };
		706D636C5CE21DE212669143 /* PayoffPlanView.swift */ = {isa = PBXFileReference; lastKnownFileType = sourcecode.swift; path = PayoffPlanView.swift; sourceTree = "<group>"; };
		76F1F29871D36FCF0BE3AD45 /* StatementParser.swift */ = {isa = PBXFileReference; lastKnownFileType = sourcecode.swift; path = StatementParser.swift; sourceTree = "<group>"; };
		7C29419EFA118AF5B1F0484C /* CloudSync.swift */ = {isa = PBXFileReference; lastKnownFileType = sourcecode.swift; path = CloudSync.swift; sourceTree = "<group>"; };
		7CA7F345D48546C2B4F0A78B /* PrivacyInfo.xcprivacy */ = {isa = PBXFileReference; path = PrivacyInfo.xcprivacy; sourceTree = "<group>"; };
		848F62759F592B9BB2E4CE76 /* StatementParserTests.swift */ = {isa = PBXFileReference; lastKnownFileType = sourcecode.swift; path = StatementParserTests.swift; sourceTree = "<group>"; };
		8D8F75A64F95256DFB77D6DF /* PurchaseSimulator.swift */ = {isa = PBXFileReference; lastKnownFileType = sourcecode.swift; path = PurchaseSimulator.swift; sourceTree = "<group>"; };
		9AC475019653E113F4E4965E /* PayoffSimulator.swift */ = {isa = PBXFileReference; lastKnownFileType = sourcecode.swift; path = PayoffSimulator.swift; sourceTree = "<group>"; };
		AA068E5AE465CBD2E0B0C3A5 /* StatementImportView.swift */ = {isa = PBXFileReference; lastKnownFileType = sourcecode.swift; path = StatementImportView.swift; sourceTree = "<group>"; };
		BEF52D8FE927817A9988A134 /* DashboardViews.swift */ = {isa = PBXFileReference; lastKnownFileType = sourcecode.swift; path = DashboardViews.swift; sourceTree = "<group>"; };
		D650514DD2EEAF6B09D6EC43 /* Models.swift */ = {isa = PBXFileReference; lastKnownFileType = sourcecode.swift; path = Models.swift; sourceTree = "<group>"; };
		DB060C30E76087677A4F6523 /* Theme.swift */ = {isa = PBXFileReference; lastKnownFileType = sourcecode.swift; path = Theme.swift; sourceTree = "<group>"; };
		DC19ECDAD395F6710401A177 /* VerdinhoDetailView.swift */ = {isa = PBXFileReference; lastKnownFileType = sourcecode.swift; path = VerdinhoDetailView.swift; sourceTree = "<group>"; };
		E41D2E385A26AFFB5ADCC05A /* LockView.swift */ = {isa = PBXFileReference; lastKnownFileType = sourcecode.swift; path = LockView.swift; sourceTree = "<group>"; };
		E906C55DC4D942AAC38F1F1F /* Components.swift */ = {isa = PBXFileReference; lastKnownFileType = sourcecode.swift; path = Components.swift; sourceTree = "<group>"; };
		E9E238D06377AA652FAAD66C /* OnboardingViews.swift */ = {isa = PBXFileReference; lastKnownFileType = sourcecode.swift; path = OnboardingViews.swift; sourceTree = "<group>"; };
		F2B100F2E9EE3842967296F0 /* Assets.xcassets */ = {isa = PBXFileReference; lastKnownFileType = folder.assetcatalog; path = Assets.xcassets; sourceTree = "<group>"; };
		FCD51AF2E5C7DBE1BD164C6B /* NoVerdinhoApp.swift */ = {isa = PBXFileReference; lastKnownFileType = sourcecode.swift; path = NoVerdinhoApp.swift; sourceTree = "<group>"; };
/* End PBXFileReference section */

/* Begin PBXGroup section */
		2C6757F5DCB69C51B4F27C95 /* NoVerdinhoTests */ = {
			isa = PBXGroup;
			children = (
				2B4B5EB5FD0FABB32C98D578 /* CloudSyncTests.swift */,
				24F38894CFAE5BFB0F7D05DF /* PayoffSimulatorTests.swift */,
				3EAA8FCD5EEB292F1A3735B6 /* PurchaseSimulatorTests.swift */,
				848F62759F592B9BB2E4CE76 /* StatementParserTests.swift */,
			);
			name = NoVerdinhoTests;
			path = Tests/NoVerdinhoTests;
			sourceTree = "<group>";
		};
		356DCBB8809A91A57B233466 /* Components */ = {
			isa = PBXGroup;
			children = (
				E906C55DC4D942AAC38F1F1F /* Components.swift */,
			);
			path = Components;
			sourceTree = "<group>";
		};
		3C4744EE13F50E18FCF55B15 = {
			isa = PBXGroup;
			children = (
				4708CFC255FE0554AEE7301E /* NoVerdinho */,
				2C6757F5DCB69C51B4F27C95 /* NoVerdinhoTests */,
				DA54509C0877D0F53BC9CCB2 /* Products */,
			);
			sourceTree = "<group>";
		};
		4708CFC255FE0554AEE7301E /* NoVerdinho */ = {
			isa = PBXGroup;
			children = (
				F2B100F2E9EE3842967296F0 /* Assets.xcassets */,
				7CA7F345D48546C2B4F0A78B /* PrivacyInfo.xcprivacy */,
				CA8FDA6A51C1A63D937167A5 /* App */,
				356DCBB8809A91A57B233466 /* Components */,
				A37A8A0F91225C3B1B4501EF /* Models */,
				4BA6EB269C662C5C9C111CBE /* Theme */,
				ABCF9FB468896E290528B1C0 /* Views */,
			);
			path = NoVerdinho;
			sourceTree = "<group>";
		};
		4BA6EB269C662C5C9C111CBE /* Theme */ = {
			isa = PBXGroup;
			children = (
				DB060C30E76087677A4F6523 /* Theme.swift */,
			);
			path = Theme;
			sourceTree = "<group>";
		};
		A37A8A0F91225C3B1B4501EF /* Models */ = {
			isa = PBXGroup;
			children = (
				7C29419EFA118AF5B1F0484C /* CloudSync.swift */,
				D650514DD2EEAF6B09D6EC43 /* Models.swift */,
				9AC475019653E113F4E4965E /* PayoffSimulator.swift */,
				8D8F75A64F95256DFB77D6DF /* PurchaseSimulator.swift */,
				76F1F29871D36FCF0BE3AD45 /* StatementParser.swift */,
			);
			path = Models;
			sourceTree = "<group>";
		};
		ABCF9FB468896E290528B1C0 /* Views */ = {
			isa = PBXGroup;
			children = (
				34E329AF5472026EA1740AFF /* CardViews.swift */,
				BEF52D8FE927817A9988A134 /* DashboardViews.swift */,
				15AF6F5A287BB8469F7D96CA /* DebtDetailView.swift */,
				4BD421CD56CFDBE13A64FC3C /* InsightViews.swift */,
				E41D2E385A26AFFB5ADCC05A /* LockView.swift */,
				E9E238D06377AA652FAAD66C /* OnboardingViews.swift */,
				706D636C5CE21DE212669143 /* PayoffPlanView.swift */,
				32D72194984DDE87946B1840 /* PlanningViews.swift */,
				119896BE080BF7614B52C10C /* ProfileViews.swift */,
				30DA9AE7EB564C8EDB6FCE7F /* PurchaseSimulatorView.swift */,
				2F8D8594E3000C2F0048B367 /* RegisterView.swift */,
				AA068E5AE465CBD2E0B0C3A5 /* StatementImportView.swift */,
				DC19ECDAD395F6710401A177 /* VerdinhoDetailView.swift */,
			);
			path = Views;
			sourceTree = "<group>";
		};
		CA8FDA6A51C1A63D937167A5 /* App */ = {
			isa = PBXGroup;
			children = (
				FCD51AF2E5C7DBE1BD164C6B /* NoVerdinhoApp.swift */,
			);
			path = App;
			sourceTree = "<group>";
		};
		DA54509C0877D0F53BC9CCB2 /* Products */ = {
			isa = PBXGroup;
			children = (
				1C7F2B5FC7D30924D99EB4FA /* NoVerdinho.app */,
				3DFE132C14B186E2F18E1B9F /* NoVerdinhoTests.xctest */,
			);
			name = Products;
			sourceTree = "<group>";
		};
/* End PBXGroup section */

/* Begin PBXNativeTarget section */
		8460C0AC98ED751140C71F67 /* NoVerdinho */ = {
			isa = PBXNativeTarget;
			buildConfigurationList = C6D89A548555F14314BD1C1A /* Build configuration list for PBXNativeTarget "NoVerdinho" */;
			buildPhases = (
				308010DF02D906B3C8C7D05F /* Sources */,
				93531B4A8F1489AC73043808 /* Resources */,
			);
			buildRules = (
			);
			dependencies = (
			);
			name = NoVerdinho;
			packageProductDependencies = (
			);
			productName = NoVerdinho;
			productReference = 1C7F2B5FC7D30924D99EB4FA /* NoVerdinho.app */;
			productType = "com.apple.product-type.application";
		};
		F083F6EA9953B900EDB71D7B /* NoVerdinhoTests */ = {
			isa = PBXNativeTarget;
			buildConfigurationList = C44B42C42A720E1A9D253E78 /* Build configuration list for PBXNativeTarget "NoVerdinhoTests" */;
			buildPhases = (
				1EC8AFB234D5799B1492E9D6 /* Sources */,
			);
			buildRules = (
			);
			dependencies = (
				6B74494781F8D396A4A3BDBA /* PBXTargetDependency */,
			);
			name = NoVerdinhoTests;
			packageProductDependencies = (
			);
			productName = NoVerdinhoTests;
			productReference = 3DFE132C14B186E2F18E1B9F /* NoVerdinhoTests.xctest */;
			productType = "com.apple.product-type.bundle.unit-test";
		};
/* End PBXNativeTarget section */

/* Begin PBXProject section */
		59BD6391A02B9605A22D4E00 /* Project object */ = {
			isa = PBXProject;
			attributes = {
				BuildIndependentTargetsInParallel = YES;
				LastUpgradeCheck = 1600;
				TargetAttributes = {
					8460C0AC98ED751140C71F67 = {
						DevelopmentTeam = N8VSB7DMCQ;
						ProvisioningStyle = Automatic;
					};
					F083F6EA9953B900EDB71D7B = {
						DevelopmentTeam = N8VSB7DMCQ;
						ProvisioningStyle = Automatic;
					};
				};
			};
			buildConfigurationList = DCADBADA6AF58D08062D2E4D /* Build configuration list for PBXProject "NoVerdinho" */;
			developmentRegion = en;
			hasScannedForEncodings = 0;
			knownRegions = (
				Base,
				en,
			);
			mainGroup = 3C4744EE13F50E18FCF55B15;
			minimizedProjectReferenceProxies = 1;
			preferredProjectObjectVersion = 77;
			productRefGroup = DA54509C0877D0F53BC9CCB2 /* Products */;
			projectDirPath = "";
			projectRoot = "";
			targets = (
				8460C0AC98ED751140C71F67 /* NoVerdinho */,
				F083F6EA9953B900EDB71D7B /* NoVerdinhoTests */,
			);
		};
/* End PBXProject section */

/* Begin PBXResourcesBuildPhase section */
		93531B4A8F1489AC73043808 /* Resources */ = {
			isa = PBXResourcesBuildPhase;
			buildActionMask = 2147483647;
			files = (
				97F76820848918D14ECC3F2D /* Assets.xcassets in Resources */,
				EB3490BD89930DD0496D43B5 /* PrivacyInfo.xcprivacy in Resources */,
			);
			runOnlyForDeploymentPostprocessing = 0;
		};
/* End PBXResourcesBuildPhase section */

/* Begin PBXSourcesBuildPhase section */
		1EC8AFB234D5799B1492E9D6 /* Sources */ = {
			isa = PBXSourcesBuildPhase;
			buildActionMask = 2147483647;
			files = (
				FF95506F3D7B67E600D0464D /* CloudSyncTests.swift in Sources */,
				DBB894396FFE5302836248D2 /* PayoffSimulatorTests.swift in Sources */,
				D603E77AE56DA1B49EC750EF /* PurchaseSimulatorTests.swift in Sources */,
				42A72180F3065F9F2F7B3460 /* StatementParserTests.swift in Sources */,
			);
			runOnlyForDeploymentPostprocessing = 0;
		};
		308010DF02D906B3C8C7D05F /* Sources */ = {
			isa = PBXSourcesBuildPhase;
			buildActionMask = 2147483647;
			files = (
				A7D68B637041FBBE2E746D05 /* CardViews.swift in Sources */,
				C3DCF1AC556EA6D405EB3055 /* CloudSync.swift in Sources */,
				B11921CE5EDB4F96DF18A540 /* Components.swift in Sources */,
				21D89398904C25AA4FEDDB37 /* DashboardViews.swift in Sources */,
				53513FC6B8DB5C1889B9E3F5 /* DebtDetailView.swift in Sources */,
				E7C27A964F32C592E039809C /* InsightViews.swift in Sources */,
				8A0F5E9533D0CB739145DFA0 /* LockView.swift in Sources */,
				6090813F0B8E42DD12CE0290 /* Models.swift in Sources */,
				2A3759B253203DDCC3782D56 /* NoVerdinhoApp.swift in Sources */,
				5B70E9C15F6ED839DEF48304 /* OnboardingViews.swift in Sources */,
				49A7020F4B9970E134C95899 /* PayoffPlanView.swift in Sources */,
				123678D5F70E0D802716BECB /* PayoffSimulator.swift in Sources */,
				4927314DD5AD73E2A1DFF627 /* PlanningViews.swift in Sources */,
				6ED67FF26B5F91924EDB67D5 /* ProfileViews.swift in Sources */,
				1FF12520EED50C5325B31629 /* PurchaseSimulator.swift in Sources */,
				92599ED96AAF49F676D756FC /* PurchaseSimulatorView.swift in Sources */,
				51EAA424E6144FCB522E87C4 /* RegisterView.swift in Sources */,
				5892EBB27E6D17BCCD27064A /* StatementImportView.swift in Sources */,
				FDABC22EB9A88418877AD021 /* StatementParser.swift in Sources */,
				4BD921761020CC8668F68587 /* Theme.swift in Sources */,
				AAA9B14008B22D9614CAB493 /* VerdinhoDetailView.swift in Sources */,
			);
			runOnlyForDeploymentPostprocessing = 0;
		};
/* End PBXSourcesBuildPhase section */

/* Begin PBXTargetDependency section */
		6B74494781F8D396A4A3BDBA /* PBXTargetDependency */ = {
			isa = PBXTargetDependency;
			target = 8460C0AC98ED751140C71F67 /* NoVerdinho */;
			targetProxy = E79CD08C3CA13C989F3485D0 /* PBXContainerItemProxy */;
		};
/* End PBXTargetDependency section */

/* Begin XCBuildConfiguration section */
		0198B80F054EE24A01245FA8 /* Debug */ = {
			isa = XCBuildConfiguration;
			buildSettings = {
				ASSETCATALOG_COMPILER_APPICON_NAME = AppIcon;
				CODE_SIGN_IDENTITY = "iPhone Developer";
				LD_RUNPATH_SEARCH_PATHS = (
					"$(inherited)",
					"@executable_path/Frameworks",
				);
				SDKROOT = iphoneos;
				TARGETED_DEVICE_FAMILY = "1";
			};
			name = Debug;
		};
		0C6ADEDF74909B1FD9EF8F6C /* Release */ = {
			isa = XCBuildConfiguration;
			buildSettings = {
				ALWAYS_SEARCH_USER_PATHS = NO;
				ASSETCATALOG_COMPILER_APPICON_NAME = AppIcon;
				CLANG_ANALYZER_NONNULL = YES;
				CLANG_ANALYZER_NUMBER_OBJECT_CONVERSION = YES_AGGRESSIVE;
				CLANG_CXX_LANGUAGE_STANDARD = "gnu++14";
				CLANG_CXX_LIBRARY = "libc++";
				CLANG_ENABLE_MODULES = YES;
				CLANG_ENABLE_OBJC_ARC = YES;
				CLANG_ENABLE_OBJC_WEAK = YES;
				CLANG_WARN_BLOCK_CAPTURE_AUTORELEASING = YES;
				CLANG_WARN_BOOL_CONVERSION = YES;
				CLANG_WARN_COMMA = YES;
				CLANG_WARN_CONSTANT_CONVERSION = YES;
				CLANG_WARN_DEPRECATED_OBJC_IMPLEMENTATIONS = YES;
				CLANG_WARN_DIRECT_OBJC_ISA_USAGE = YES_ERROR;
				CLANG_WARN_DOCUMENTATION_COMMENTS = YES;
				CLANG_WARN_EMPTY_BODY = YES;
				CLANG_WARN_ENUM_CONVERSION = YES;
				CLANG_WARN_INFINITE_RECURSION = YES;
				CLANG_WARN_INT_CONVERSION = YES;
				CLANG_WARN_NON_LITERAL_NULL_CONVERSION = YES;
				CLANG_WARN_OBJC_IMPLICIT_RETAIN_SELF = YES;
				CLANG_WARN_OBJC_LITERAL_CONVERSION = YES;
				CLANG_WARN_OBJC_ROOT_CLASS = YES_ERROR;
				CLANG_WARN_QUOTED_INCLUDE_IN_FRAMEWORK_HEADER = YES;
				CLANG_WARN_RANGE_LOOP_ANALYSIS = YES;
				CLANG_WARN_STRICT_PROTOTYPES = YES;
				CLANG_WARN_SUSPICIOUS_MOVE = YES;
				CLANG_WARN_UNGUARDED_AVAILABILITY = YES_AGGRESSIVE;
				CLANG_WARN_UNREACHABLE_CODE = YES;
				CLANG_WARN__DUPLICATE_METHOD_MATCH = YES;
				CODE_SIGN_STYLE = Automatic;
				COPY_PHASE_STRIP = NO;
				CURRENT_PROJECT_VERSION = 1;
				DEBUG_INFORMATION_FORMAT = "dwarf-with-dsym";
				DEVELOPMENT_TEAM = N8VSB7DMCQ;
				ENABLE_NS_ASSERTIONS = NO;
				ENABLE_PREVIEWS = YES;
				ENABLE_STRICT_OBJC_MSGSEND = YES;
				GCC_C_LANGUAGE_STANDARD = gnu11;
				GCC_NO_COMMON_BLOCKS = YES;
				GCC_WARN_64_TO_32_BIT_CONVERSION = YES;
				GCC_WARN_ABOUT_RETURN_TYPE = YES_ERROR;
				GCC_WARN_UNDECLARED_SELECTOR = YES;
				GCC_WARN_UNINITIALIZED_AUTOS = YES_AGGRESSIVE;
				GCC_WARN_UNUSED_FUNCTION = YES;
				GCC_WARN_UNUSED_VARIABLE = YES;
				GENERATE_INFOPLIST_FILE = YES;
				INFOPLIST_KEY_CFBundleDisplayName = "No Verdinho";
				INFOPLIST_KEY_NSFaceIDUsageDescription = "Usamos o Face ID para proteger o acesso às suas finanças.";
				INFOPLIST_KEY_UILaunchScreen_Generation = YES;
				INFOPLIST_KEY_UIStatusBarStyle = UIStatusBarStyleLightContent;
				INFOPLIST_KEY_UISupportedInterfaceOrientations_iPhone = "UIInterfaceOrientationPortrait UIInterfaceOrientationLandscapeLeft UIInterfaceOrientationLandscapeRight";
				INFOPLIST_KEY_UIUserInterfaceStyle = Dark;
				IPHONEOS_DEPLOYMENT_TARGET = 17.0;
				MARKETING_VERSION = 1.0.0;
				MTL_ENABLE_DEBUG_INFO = NO;
				MTL_FAST_MATH = YES;
				PRODUCT_BUNDLE_IDENTIFIER = br.com.noverdinho.ios;
				PRODUCT_NAME = "$(TARGET_NAME)";
				SDKROOT = iphoneos;
				SWIFT_COMPILATION_MODE = wholemodule;
				SWIFT_OPTIMIZATION_LEVEL = "-O";
				SWIFT_VERSION = 5.10;
				TARGETED_DEVICE_FAMILY = 1;
			};
			name = Release;
		};
		160BE317330395729EEB1D3A /* Release */ = {
			isa = XCBuildConfiguration;
			buildSettings = {
				BUNDLE_LOADER = "$(TEST_HOST)";
				LD_RUNPATH_SEARCH_PATHS = (
					"$(inherited)",
					"@executable_path/Frameworks",
					"@loader_path/Frameworks",
				);
				SDKROOT = iphoneos;
				TARGETED_DEVICE_FAMILY = "1";
				TEST_HOST = "$(BUILT_PRODUCTS_DIR)/NoVerdinho.app/NoVerdinho";
			};
			name = Release;
		};
		3372288ABF4B94DBAF7AEC93 /* Debug */ = {
			isa = XCBuildConfiguration;
			buildSettings = {
				ALWAYS_SEARCH_USER_PATHS = NO;
				ASSETCATALOG_COMPILER_APPICON_NAME = AppIcon;
				CLANG_ANALYZER_NONNULL = YES;
				CLANG_ANALYZER_NUMBER_OBJECT_CONVERSION = YES_AGGRESSIVE;
				CLANG_CXX_LANGUAGE_STANDARD = "gnu++14";
				CLANG_CXX_LIBRARY = "libc++";
				CLANG_ENABLE_MODULES = YES;
				CLANG_ENABLE_OBJC_ARC = YES;
				CLANG_ENABLE_OBJC_WEAK = YES;
				CLANG_WARN_BLOCK_CAPTURE_AUTORELEASING = YES;
				CLANG_WARN_BOOL_CONVERSION = YES;
				CLANG_WARN_COMMA = YES;
				CLANG_WARN_CONSTANT_CONVERSION = YES;
				CLANG_WARN_DEPRECATED_OBJC_IMPLEMENTATIONS = YES;
				CLANG_WARN_DIRECT_OBJC_ISA_USAGE = YES_ERROR;
				CLANG_WARN_DOCUMENTATION_COMMENTS = YES;
				CLANG_WARN_EMPTY_BODY = YES;
				CLANG_WARN_ENUM_CONVERSION = YES;
				CLANG_WARN_INFINITE_RECURSION = YES;
				CLANG_WARN_INT_CONVERSION = YES;
				CLANG_WARN_NON_LITERAL_NULL_CONVERSION = YES;
				CLANG_WARN_OBJC_IMPLICIT_RETAIN_SELF = YES;
				CLANG_WARN_OBJC_LITERAL_CONVERSION = YES;
				CLANG_WARN_OBJC_ROOT_CLASS = YES_ERROR;
				CLANG_WARN_QUOTED_INCLUDE_IN_FRAMEWORK_HEADER = YES;
				CLANG_WARN_RANGE_LOOP_ANALYSIS = YES;
				CLANG_WARN_STRICT_PROTOTYPES = YES;
				CLANG_WARN_SUSPICIOUS_MOVE = YES;
				CLANG_WARN_UNGUARDED_AVAILABILITY = YES_AGGRESSIVE;
				CLANG_WARN_UNREACHABLE_CODE = YES;
				CLANG_WARN__DUPLICATE_METHOD_MATCH = YES;
				CODE_SIGN_STYLE = Automatic;
				COPY_PHASE_STRIP = NO;
				CURRENT_PROJECT_VERSION = 1;
				DEBUG_INFORMATION_FORMAT = dwarf;
				DEVELOPMENT_TEAM = N8VSB7DMCQ;
				ENABLE_PREVIEWS = YES;
				ENABLE_STRICT_OBJC_MSGSEND = YES;
				ENABLE_TESTABILITY = YES;
				GCC_C_LANGUAGE_STANDARD = gnu11;
				GCC_DYNAMIC_NO_PIC = NO;
				GCC_NO_COMMON_BLOCKS = YES;
				GCC_OPTIMIZATION_LEVEL = 0;
				GCC_PREPROCESSOR_DEFINITIONS = (
					"$(inherited)",
					"DEBUG=1",
				);
				GCC_WARN_64_TO_32_BIT_CONVERSION = YES;
				GCC_WARN_ABOUT_RETURN_TYPE = YES_ERROR;
				GCC_WARN_UNDECLARED_SELECTOR = YES;
				GCC_WARN_UNINITIALIZED_AUTOS = YES_AGGRESSIVE;
				GCC_WARN_UNUSED_FUNCTION = YES;
				GCC_WARN_UNUSED_VARIABLE = YES;
				GENERATE_INFOPLIST_FILE = YES;
				INFOPLIST_KEY_CFBundleDisplayName = "No Verdinho";
				INFOPLIST_KEY_NSFaceIDUsageDescription = "Usamos o Face ID para proteger o acesso às suas finanças.";
				INFOPLIST_KEY_UILaunchScreen_Generation = YES;
				INFOPLIST_KEY_UIStatusBarStyle = UIStatusBarStyleLightContent;
				INFOPLIST_KEY_UISupportedInterfaceOrientations_iPhone = "UIInterfaceOrientationPortrait UIInterfaceOrientationLandscapeLeft UIInterfaceOrientationLandscapeRight";
				INFOPLIST_KEY_UIUserInterfaceStyle = Dark;
				IPHONEOS_DEPLOYMENT_TARGET = 17.0;
				MARKETING_VERSION = 1.0.0;
				MTL_ENABLE_DEBUG_INFO = INCLUDE_SOURCE;
				MTL_FAST_MATH = YES;
				ONLY_ACTIVE_ARCH = YES;
				PRODUCT_BUNDLE_IDENTIFIER = br.com.noverdinho.ios;
				PRODUCT_NAME = "$(TARGET_NAME)";
				SDKROOT = iphoneos;
				SWIFT_ACTIVE_COMPILATION_CONDITIONS = DEBUG;
				SWIFT_OPTIMIZATION_LEVEL = "-Onone";
				SWIFT_VERSION = 5.10;
				TARGETED_DEVICE_FAMILY = 1;
			};
			name = Debug;
		};
		47F9D18E35A529A445515E8D /* Debug */ = {
			isa = XCBuildConfiguration;
			buildSettings = {
				BUNDLE_LOADER = "$(TEST_HOST)";
				LD_RUNPATH_SEARCH_PATHS = (
					"$(inherited)",
					"@executable_path/Frameworks",
					"@loader_path/Frameworks",
				);
				SDKROOT = iphoneos;
				TARGETED_DEVICE_FAMILY = "1";
				TEST_HOST = "$(BUILT_PRODUCTS_DIR)/NoVerdinho.app/NoVerdinho";
			};
			name = Debug;
		};
		E4CDB595452E4A38AE56CE65 /* Release */ = {
			isa = XCBuildConfiguration;
			buildSettings = {
				ASSETCATALOG_COMPILER_APPICON_NAME = AppIcon;
				CODE_SIGN_IDENTITY = "iPhone Developer";
				LD_RUNPATH_SEARCH_PATHS = (
					"$(inherited)",
					"@executable_path/Frameworks",
				);
				SDKROOT = iphoneos;
				TARGETED_DEVICE_FAMILY = "1";
			};
			name = Release;
		};
/* End XCBuildConfiguration section */

/* Begin XCConfigurationList section */
		C44B42C42A720E1A9D253E78 /* Build configuration list for PBXNativeTarget "NoVerdinhoTests" */ = {
			isa = XCConfigurationList;
			buildConfigurations = (
				47F9D18E35A529A445515E8D /* Debug */,
				160BE317330395729EEB1D3A /* Release */,
			);
			defaultConfigurationIsVisible = 0;
			defaultConfigurationName = Debug;
		};
		C6D89A548555F14314BD1C1A /* Build configuration list for PBXNativeTarget "NoVerdinho" */ = {
			isa = XCConfigurationList;
			buildConfigurations = (
				0198B80F054EE24A01245FA8 /* Debug */,
				E4CDB595452E4A38AE56CE65 /* Release */,
			);
			defaultConfigurationIsVisible = 0;
			defaultConfigurationName = Debug;
		};
		DCADBADA6AF58D08062D2E4D /* Build configuration list for PBXProject "NoVerdinho" */ = {
			isa = XCConfigurationList;
			buildConfigurations = (
				3372288ABF4B94DBAF7AEC93 /* Debug */,
				0C6ADEDF74909B1FD9EF8F6C /* Release */,
			);
			defaultConfigurationIsVisible = 0;
			defaultConfigurationName = Debug;
		};
/* End XCConfigurationList section */
	};
	rootObject = 59BD6391A02B9605A22D4E00 /* Project object */;
}
